
Microsoft Visual Studio Solution File, Format Version 12.00
# Visual Studio Version 16
VisualStudioVersion = 16.0.28803.202
MinimumVisualStudioVersion = 10.0.40219.1
Project("{FAE04EC0-301F-11D3-BF4B-00C04F79EFBC}") = "AwesomeAspApp", "src\AwesomeAspApp\AwesomeAspApp.csproj", "{FD7EE4DC-7D2F-42DC-8339-BEDDD0B003AE}"
EndProject
Project("{FAE04EC0-301F-11D3-BF4B-00C04F79EFBC}") = "AwesomeAspApp.Core", "src\AwesomeAspApp.Core\AwesomeAspApp.Core.csproj", "{77D28346-47BE-4FD8-83BF-29826586336A}"
EndProject
Project("{FAE04EC0-301F-11D3-BF4B-00C04F79EFBC}") = "AwesomeAspApp.Infrastructure", "src\AwesomeAspApp.Infrastructure\AwesomeAspApp.Infrastructure.csproj", "{D5EF31AB-8438-4343-ABB3-FB7724A31A59}"
EndProject
Global
	GlobalSection(SolutionConfigurationPlatforms) = preSolution
		Debug|Any CPU = Debug|Any CPU
		Release|Any CPU = Release|Any CPU
	EndGlobalSection
	GlobalSection(ProjectConfigurationPlatforms) = postSolution
		{FD7EE4DC-7D2F-42DC-8339-BEDDD0B003AE}.Debug|Any CPU.ActiveCfg = Debug|Any CPU
		{FD7EE4DC-7D2F-42DC-8339-BEDDD0B003AE}.Debug|Any CPU.Build.0 = Debug|Any CPU
		{FD7EE4DC-7D2F-42DC-8339-BEDDD0B003AE}.Release|Any CPU.ActiveCfg = Release|Any CPU
		{FD7EE4DC-7D2F-42DC-8339-BEDDD0B003AE}.Release|Any CPU.Build.0 = Release|Any CPU
		{77D28346-47BE-4FD8-83BF-29826586336A}.Debug|Any CPU.ActiveCfg = Debug|Any CPU
		{77D28346-47BE-4FD8-83BF-29826586336A}.Debug|Any CPU.Build.0 = Debug|Any CPU
		{77D28346-47BE-4FD8-83BF-29826586336A}.Release|Any CPU.ActiveCfg = Release|Any CPU
		{77D28346-47BE-4FD8-83BF-29826586336A}.Release|Any CPU.Build.0 = Release|Any CPU
		{D5EF31AB-8438-4343-ABB3-FB7724A31A59}.Debug|Any CPU.ActiveCfg = Debug|Any CPU
		{D5EF31AB-8438-4343-ABB3-FB7724A31A59}.Debug|Any CPU.Build.0 = Debug|Any CPU
		{D5EF31AB-8438-4343-ABB3-FB7724A31A59}.Release|Any CPU.ActiveCfg = Release|Any CPU
		{D5EF31AB-8438-4343-ABB3-FB7724A31A59}.Release|Any CPU.Build.0 = Release|Any CPU
	EndGlobalSection
	GlobalSection(SolutionProperties) = preSolution
		HideSolutionNode = FALSE
	EndGlobalSection
	GlobalSection(ExtensibilityGlobals) = postSolution
		SolutionGuid = {5F7D7B8F-88C3-4E81-977E-2D5D19158921}
	EndGlobalSection
EndGlobal
